<?xml version="1.0" encoding="utf-8"?>
<Project ToolsVersion="4.0" xmlns="http://schemas.microsoft.com/developer/msbuild/2003">
  <ItemGroup>
    <Filter Include="Source Files">
      <UniqueIdentifier>{4FC737F1-C7A5-4376-A066-2A32D752A2FF}</UniqueIdentifier>
      <Extensions>cpp;c;cxx;def;odl;idl;hpj;bat;asm;asmx</Extensions>
    </Filter>
    <Filter Include="Source Files\frontend">
      <UniqueIdentifier>{b831c273-033d-42c6-85c4-0f22ffc258ca}</UniqueIdentifier>
    </Filter>
    <Filter Include="Source Files\Engine">
      <UniqueIdentifier>{2192a262-e804-4556-a7cd-4cd1beff0fdb}</UniqueIdentifier>
    </Filter>
    <Filter Include="Source Files\Engine\Source">
      <UniqueIdentifier>{1e5d5380-f312-4f59-9b0d-e8c280633407}</UniqueIdentifier>
    </Filter>
    <Filter Include="Source Files\Engine\Headers">
      <UniqueIdentifier>{eefe21fe-1654-4475-b6fa-81cd48ec341e}</UniqueIdentifier>
    </Filter>
    <Filter Include="Header Files">
      <UniqueIdentifier>{93995380-89BD-4b04-88EB-625FBE52EBFB}</UniqueIdentifier>
      <Extensions>h;hpp;hxx;hm;inl;inc;xsd</Extensions>
    </Filter>
    <Filter Include="Resource Files">
      <UniqueIdentifier>{67DA6AB6-F800-4c08-8B7A-83BB121AAD01}</UniqueIdentifier>
      <Extensions>rc;ico;cur;bmp;dlg;rc2;rct;bin;rgs;gif;jpg;jpeg;jpe;resx</Extensions>
    </Filter>
  </ItemGroup>
  <ItemGroup>
    <ClCompile Include="..\Source\Car.cpp">
      <Filter>Source Files</Filter>
    </ClCompile>
    <ClCompile Include="..\Source\Mainloop.cpp">
      <Filter>Source Files</Filter>
    </ClCompile>
    <ClCompile Include="..\Source\Player.cpp">
      <Filter>Source Files</Filter>
    </ClCompile>
    <ClCompile Include="..\Source\Projectile.cpp">
      <Filter>Source Files</Filter>
    </ClCompile>
    <ClCompile Include="..\Source\Frontend.cpp">
      <Filter>Source Files\frontend</Filter>
    </ClCompile>
    <ClCompile Include="..\Source\FrontendCar.cpp">
      <Filter>Source Files\frontend</Filter>
    </ClCompile>
    <ClCompile Include="..\source\camera.cpp">
      <Filter>Source Files\Engine\Source</Filter>
    </ClCompile>
    <ClCompile Include="..\Source\Collision.cpp">
      <Filter>Source Files\Engine\Source</Filter>
    </ClCompile>
    <ClCompile Include="..\source\font.cpp">
      <Filter>Source Files\Engine\Source</Filter>
    </ClCompile>
    <ClCompile Include="..\source\input.cpp">
      <Filter>Source Files\Engine\Source</Filter>
    </ClCompile>
    <ClCompile Include="..\source\level.cpp">
      <Filter>Source Files\Engine\Source</Filter>
    </ClCompile>
    <ClCompile Include="..\source\main.cpp">
      <Filter>Source Files\Engine\Source</Filter>
    </ClCompile>
    <ClCompile Include="..\source\memory.cpp">
      <Filter>Source Files\Engine\Source</Filter>
    </ClCompile>
    <ClCompile Include="..\source\mesh.cpp">
      <Filter>Source Files\Engine\Source</Filter>
    </ClCompile>
    <ClCompile Include="..\source\object.cpp">
      <Filter>Source Files\Engine\Source</Filter>
    </ClCompile>
    <ClCompile Include="..\source\opengl.cpp">
      <Filter>Source Files\Engine\Source</Filter>
    </ClCompile>
    <ClCompile Include="..\Source\particles.cpp">
      <Filter>Source Files\Engine\Source</Filter>
    </ClCompile>
    <ClCompile Include="..\Source\Sprite.cpp">
      <Filter>Source Files\Engine\Source</Filter>
    </ClCompile>
    <ClCompile Include="..\source\tgaload.cpp">
      <Filter>Source Files\Engine\Source</Filter>
    </ClCompile>
    <ClCompile Include="..\Source\Trail.cpp">
      <Filter>Source Files\Engine\Source</Filter>
    </ClCompile>
    <ClCompile Include="..\source\TrashCan.cpp">
      <Filter>Source Files\Engine\Source</Filter>
    </ClCompile>
    <ClCompile Include="..\SOURCE\Pickup.cpp">
      <Filter>Source Files</Filter>
    </ClCompile>
  </ItemGroup>
  <ItemGroup>
    <ClInclude Include="..\Source\Frontend.h">
      <Filter>Source Files\frontend</Filter>
    </ClInclude>
    <ClInclude Include="..\Source\FrontendCar.h">
      <Filter>Source Files\frontend</Filter>
    </ClInclude>
    <ClInclude Include="..\Source\Camera.h">
      <Filter>Source Files\Engine\Headers</Filter>
    </ClInclude>
    <ClInclude Include="..\Source\Collision.h">
      <Filter>Source Files\Engine\Headers</Filter>
    </ClInclude>
    <ClInclude Include="..\source\font.h">
      <Filter>Source Files\Engine\Headers</Filter>
    </ClInclude>
    <ClInclude Include="..\source\includeall.h">
      <Filter>Source Files\Engine\Headers</Filter>
    </ClInclude>
    <ClInclude Include="..\source\input.h">
      <Filter>Source Files\Engine\Headers</Filter>
    </ClInclude>
    <ClInclude Include="..\source\level.h">
      <Filter>Source Files\Engine\Headers</Filter>
    </ClInclude>
    <ClInclude Include="..\source\mathlib.h">
      <Filter>Source Files\Engine\Headers</Filter>
    </ClInclude>
    <ClInclude Include="..\source\matrix.h">
      <Filter>Source Files\Engine\Headers</Filter>
    </ClInclude>
    <ClInclude Include="..\source\memory.h">
      <Filter>Source Files\Engine\Headers</Filter>
    </ClInclude>
    <ClInclude Include="..\source\mesh.h">
      <Filter>Source Files\Engine\Headers</Filter>
    </ClInclude>
    <ClInclude Include="..\source\object.h">
      <Filter>Source Files\Engine\Headers</Filter>
    </ClInclude>
    <ClInclude Include="..\source\opengl.h">
      <Filter>Source Files\Engine\Headers</Filter>
    </ClInclude>
    <ClInclude Include="..\Source\particles.h">
      <Filter>Source Files\Engine\Headers</Filter>
    </ClInclude>
    <ClInclude Include="..\Source\Sprite.h">
      <Filter>Source Files\Engine\Headers</Filter>
    </ClInclude>
    <ClInclude Include="..\source\tgaload.h">
      <Filter>Source Files\Engine\Headers</Filter>
    </ClInclude>
    <ClInclude Include="..\Source\Trail.h">
      <Filter>Source Files\Engine\Headers</Filter>
    </ClInclude>
    <ClInclude Include="..\source\TrashCan.h">
      <Filter>Source Files\Engine\Headers</Filter>
    </ClInclude>
    <ClInclude Include="..\source\vector.h">
      <Filter>Source Files\Engine\Headers</Filter>
    </ClInclude>
    <ClInclude Include="..\Source\Car.h">
      <Filter>Header Files</Filter>
    </ClInclude>
    <ClInclude Include="..\Source\Mainloop.h">
      <Filter>Header Files</Filter>
    </ClInclude>
    <ClInclude Include="..\Source\Player.h">
      <Filter>Header Files</Filter>
    </ClInclude>
    <ClInclude Include="..\Source\Projectile.h">
      <Filter>Header Files</Filter>
    </ClInclude>
    <ClInclude Include="..\SOURCE\Pickup.h">
      <Filter>Header Files</Filter>
    </ClInclude>
  </ItemGroup>
</Project>